
Microsoft Visual Studio Solution File, Format Version 12.00
# Visual Studio Version 17
VisualStudioVersion = 17.2.32616.157
MinimumVisualStudioVersion = 10.0.40219.1
Project("{FAE04EC0-301F-11D3-BF4B-00C04F79EFBC}") = "BulkyBookWeb", "BulkyBookWeb\BulkyBookWeb.csproj", "{C2D286E0-BE53-4016-A63F-5CA01C3EB7CA}"
EndProject
Global
	GlobalSection(SolutionConfigurationPlatforms) = preSolution
		Debug|Any CPU = Debug|Any CPU
		Release|Any CPU = Release|Any CPU
	EndGlobalSection
	GlobalSection(ProjectConfigurationPlatforms) = postSolution
		{C2D286E0-BE53-4016-A63F-5CA01C3EB7CA}.Debug|Any CPU.ActiveCfg = Debug|Any CPU
		{C2D286E0-BE53-4016-A63F-5CA01C3EB7CA}.Debug|Any CPU.Build.0 = Debug|Any CPU
		{C2D286E0-BE53-4016-A63F-5CA01C3EB7CA}.Release|Any CPU.ActiveCfg = Release|Any CPU
		{C2D286E0-BE53-4016-A63F-5CA01C3EB7CA}.Release|Any CPU.Build.0 = Release|Any CPU
	EndGlobalSection
	GlobalSection(SolutionProperties) = preSolution
		HideSolutionNode = FALSE
	EndGlobalSection
	GlobalSection(ExtensibilityGlobals) = postSolution
		SolutionGuid = {B53DA138-600D-4B4C-BD73-23037329E1D2}
	EndGlobalSection
EndGlobal
